
Microsoft Visual Studio Solution File, Format Version 12.00
# Visual Studio 14
VisualStudioVersion = 14.0.25420.1
MinimumVisualStudioVersion = 10.0.40219.1
Project("{FAE04EC0-301F-11D3-BF4B-00C04F79EFBC}") = "UIDirectorioPerros", "UIDirectorioPerros\UIDirectorioPerros.csproj", "{EFB72EBE-7A83-4F14-B02B-C4143C5A91EF}"
EndProject
Project("{FAE04EC0-301F-11D3-BF4B-00C04F79EFBC}") = "DirectorioPerros", "DirectorioPerros\DirectorioPerros.csproj", "{FE9BF8DC-1211-443C-92CE-608293AFB573}"
EndProject
Global
	GlobalSection(SolutionConfigurationPlatforms) = preSolution
		Debug|Any CPU = Debug|Any CPU
		Release|Any CPU = Release|Any CPU
	EndGlobalSection
	GlobalSection(ProjectConfigurationPlatforms) = postSolution
		{EFB72EBE-7A83-4F14-B02B-C4143C5A91EF}.Debug|Any CPU.ActiveCfg = Debug|Any CPU
		{EFB72EBE-7A83-4F14-B02B-C4143C5A91EF}.Debug|Any CPU.Build.0 = Debug|Any CPU
		{EFB72EBE-7A83-4F14-B02B-C4143C5A91EF}.Release|Any CPU.ActiveCfg = Release|Any CPU
		{EFB72EBE-7A83-4F14-B02B-C4143C5A91EF}.Release|Any CPU.Build.0 = Release|Any CPU
		{FE9BF8DC-1211-443C-92CE-608293AFB573}.Debug|Any CPU.ActiveCfg = Debug|Any CPU
		{FE9BF8DC-1211-443C-92CE-608293AFB573}.Debug|Any CPU.Build.0 = Debug|Any CPU
		{FE9BF8DC-1211-443C-92CE-608293AFB573}.Release|Any CPU.ActiveCfg = Release|Any CPU
		{FE9BF8DC-1211-443C-92CE-608293AFB573}.Release|Any CPU.Build.0 = Release|Any CPU
	EndGlobalSection
	GlobalSection(SolutionProperties) = preSolution
		HideSolutionNode = FALSE
	EndGlobalSection
EndGlobal
